
Microsoft Visual Studio Solution File, Format Version 12.00
# Visual Studio Version 17
VisualStudioVersion = 17.5.33414.496
MinimumVisualStudioVersion = 10.0.40219.1
Project("{FAE04EC0-301F-11D3-BF4B-00C04F79EFBC}") = "WinFormsApp", "WinFormsApp\WinFormsApp.csproj", "{A6C75972-A3D7-4362-952E-691BBB245A07}"
EndProject
Global
	GlobalSection(SolutionConfigurationPlatforms) = preSolution
		Debug|Any CPU = Debug|Any CPU
		Release|Any CPU = Release|Any CPU
	EndGlobalSection
	GlobalSection(ProjectConfigurationPlatforms) = postSolution
		{A6C75972-A3D7-4362-952E-691BBB245A07}.Debug|Any CPU.ActiveCfg = Debug|Any CPU
		{A6C75972-A3D7-4362-952E-691BBB245A07}.Debug|Any CPU.Build.0 = Debug|Any CPU
		{A6C75972-A3D7-4362-952E-691BBB245A07}.Release|Any CPU.ActiveCfg = Release|Any CPU
		{A6C75972-A3D7-4362-952E-691BBB245A07}.Release|Any CPU.Build.0 = Release|Any CPU
	EndGlobalSection
	GlobalSection(SolutionProperties) = preSolution
		HideSolutionNode = FALSE
	EndGlobalSection
	GlobalSection(ExtensibilityGlobals) = postSolution
		SolutionGuid = {C052E552-4A68-486F-BC3D-CC157BC27EE5}
	EndGlobalSection
EndGlobal
